// !$*UTF8*$!
{
	archiveVersion = 1;
	classes = {
	};
	objectVersion = 56;
	objects = {

/* Begin PBXBuildFile section */
		A242BEA02A265D9D0007D96C /* AppDelegate.swift in Sources */ = {isa = PBXBuildFile; fileRef = A242BE9F2A265D9D0007D96C /* AppDelegate.swift */; };
		A242BEA22A265D9D0007D96C /* SceneDelegate.swift in Sources */ = {isa = PBXBuildFile; fileRef = A242BEA12A265D9D0007D96C /* SceneDelegate.swift */; };
		A242BEA42A265D9D0007D96C /* ViewController.swift in Sources */ = {isa = PBXBuildFile; fileRef = A242BEA32A265D9D0007D96C /* ViewController.swift */; };
		A242BEA72A265D9D0007D96C /* Main.storyboard in Resources */ = {isa = PBXBuildFile; fileRef = A242BEA52A265D9D0007D96C /* Main.storyboard */; };
		A242BEA92A265D9E0007D96C /* Assets.xcassets in Resources */ = {isa = PBXBuildFile; fileRef = A242BEA82A265D9E0007D96C /* Assets.xcassets */; };
		A242BEAC2A265D9E0007D96C /* LaunchScreen.storyboard in Resources */ = {isa = PBXBuildFile; fileRef = A242BEAA2A265D9E0007D96C /* LaunchScreen.storyboard */; };
		A242BEB52A265EB20007D96C /* KountDataCollectorPackage in Frameworks */ = {isa = PBXBuildFile; productRef = A242BEB42A265EB20007D96C /* KountDataCollectorPackage */; };
/* End PBXBuildFile section */

/* Begin PBXFileReference section */
		A242BE9C2A265D9D0007D96C /* SwiftStoryboardDemo.app */ = {isa = PBXFileReference; explicitFileType = wrapper.application; includeInIndex = 0; path = SwiftStoryboardDemo.app; sourceTree = BUILT_PRODUCTS_DIR; };
		A242BE9F2A265D9D0007D96C /* AppDelegate.swift */ = {isa = PBXFileReference; lastKnownFileType = sourcecode.swift; path = AppDelegate.swift; sourceTree = "<group>"; };
		A242BEA12A265D9D0007D96C /* SceneDelegate.swift */ = {isa = PBXFileReference; lastKnownFileType = sourcecode.swift; path = SceneDelegate.swift; sourceTree = "<group>"; };
		A242BEA32A265D9D0007D96C /* ViewController.swift */ = {isa = PBXFileReference; lastKnownFileType = sourcecode.swift; path = ViewController.swift; sourceTree = "<group>"; };
		A242BEA62A265D9D0007D96C /* Base */ = {isa = PBXFileReference; lastKnownFileType = file.storyboard; name = Base; path = Base.lproj/Main.storyboard; sourceTree = "<group>"; };
		A242BEA82A265D9E0007D96C /* Assets.xcassets */ = {isa = PBXFileReference; lastKnownFileType = folder.assetcatalog; path = Assets.xcassets; sourceTree = "<group>"; };
		A242BEAB2A265D9E0007D96C /* Base */ = {isa = PBXFileReference; lastKnownFileType = file.storyboard; name = Base; path = Base.lproj/LaunchScreen.storyboard; sourceTree = "<group>"; };
		A242BEAD2A265D9E0007D96C /* Info.plist */ = {isa = PBXFileReference; lastKnownFileType = text.plist.xml; path = Info.plist; sourceTree = "<group>"; };
/* End PBXFileReference section */

/* Begin PBXFrameworksBuildPhase section */
		A242BE992A265D9D0007D96C /* Frameworks */ = {
			isa = PBXFrameworksBuildPhase;
			buildActionMask = 2147483647;
			files = (
				A242BEB52A265EB20007D96C /* KountDataCollectorPackage in Frameworks */,
			);
			runOnlyForDeploymentPostprocessing = 0;
		};
/* End PBXFrameworksBuildPhase section */

/* Begin PBXGroup section */
		A242BE932A265D9D0007D96C = {
			isa = PBXGroup;
			children = (
				A242BE9E2A265D9D0007D96C /* SwiftStoryboardDemo */,
				A242BE9D2A265D9D0007D96C /* Products */,
			);
			sourceTree = "<group>";
		};
		A242BE9D2A265D9D0007D96C /* Products */ = {
			isa = PBXGroup;
			children = (
				A242BE9C2A265D9D0007D96C /* SwiftStoryboardDemo.app */,
			);
			name = Products;
			sourceTree = "<group>";
		};
		A242BE9E2A265D9D0007D96C /* SwiftStoryboardDemo */ = {
			isa = PBXGroup;
			children = (
				A242BE9F2A265D9D0007D96C /* AppDelegate.swift */,
				A242BEA12A265D9D0007D96C /* SceneDelegate.swift */,
				A242BEA32A265D9D0007D96C /* ViewController.swift */,
				A242BEA52A265D9D0007D96C /* Main.storyboard */,
				A242BEA82A265D9E0007D96C /* Assets.xcassets */,
				A242BEAA2A265D9E0007D96C /* LaunchScreen.storyboard */,
				A242BEAD2A265D9E0007D96C /* Info.plist */,
			);
			path = SwiftStoryboardDemo;
			sourceTree = "<group>";
		};
/* End PBXGroup section */

/* Begin PBXNativeTarget section */
		A242BE9B2A265D9D0007D96C /* SwiftStoryboardDemo */ = {
			isa = PBXNativeTarget;
			buildConfigurationList = A242BEB02A265D9E0007D96C /* Build configuration list for PBXNativeTarget "SwiftStoryboardDemo" */;
			buildPhases = (
				A242BE982A265D9D0007D96C /* Sources */,
				A242BE992A265D9D0007D96C /* Frameworks */,
				A242BE9A2A265D9D0007D96C /* Resources */,
			);
			buildRules = (
			);
			dependencies = (
			);
			name = SwiftStoryboardDemo;
			packageProductDependencies = (
				A242BEB42A265EB20007D96C /* KountDataCollectorPackage */,
			);
			productName = SwiftStoryboardDemo;
			productReference = A242BE9C2A265D9D0007D96C /* SwiftStoryboardDemo.app */;
			productType = "com.apple.product-type.application";
		};
/* End PBXNativeTarget section */

/* Begin PBXProject section */
		A242BE942A265D9D0007D96C /* Project object */ = {
			isa = PBXProject;
			attributes = {
				BuildIndependentTargetsInParallel = 1;
				LastSwiftUpdateCheck = 1430;
				LastUpgradeCheck = 1430;
				TargetAttributes = {
					A242BE9B2A265D9D0007D96C = {
						CreatedOnToolsVersion = 14.3;
					};
				};
			};
			buildConfigurationList = A242BE972A265D9D0007D96C /* Build configuration list for PBXProject "SwiftStoryboardDemo" */;
			compatibilityVersion = "Xcode 14.0";
			developmentRegion = en;
			hasScannedForEncodings = 0;
			knownRegions = (
				en,
				Base,
			);
			mainGroup = A242BE932A265D9D0007D96C;
			packageReferences = (
				A242BEB32A265EB20007D96C /* XCRemoteSwiftPackageReference "kount-ios-swift-package" */,
			);
			productRefGroup = A242BE9D2A265D9D0007D96C /* Products */;
			projectDirPath = "";
			projectRoot = "";
			targets = (
				A242BE9B2A265D9D0007D96C /* SwiftStoryboardDemo */,
			);
		};
/* End PBXProject section */

/* Begin PBXResourcesBuildPhase section */
		A242BE9A2A265D9D0007D96C /* Resources */ = {
			isa = PBXResourcesBuildPhase;
			buildActionMask = 2147483647;
			files = (
				A242BEAC2A265D9E0007D96C /* LaunchScreen.storyboard in Resources */,
				A242BEA92A265D9E0007D96C /* Assets.xcassets in Resources */,
				A242BEA72A265D9D0007D96C /* Main.storyboard in Resources */,
			);
			runOnlyForDeploymentPostprocessing = 0;
		};
/* End PBXResourcesBuildPhase section */

/* Begin PBXSourcesBuildPhase section */
		A242BE982A265D9D0007D96C /* Sources */ = {
			isa = PBXSourcesBuildPhase;
			buildActionMask = 2147483647;
			files = (
				A242BEA42A265D9D0007D96C /* ViewController.swift in Sources */,
				A242BEA02A265D9D0007D96C /* AppDelegate.swift in Sources */,
				A242BEA22A265D9D0007D96C /* SceneDelegate.swift in Sources */,
			);
			runOnlyForDeploymentPostprocessing = 0;
		};
/* End PBXSourcesBuildPhase section */

/* Begin PBXVariantGroup section */
		A242BEA52A265D9D0007D96C /* Main.storyboard */ = {
			isa = PBXVariantGroup;
			children = (
				A242BEA62A265D9D0007D96C /* Base */,
			);
			name = Main.storyboard;
			sourceTree = "<group>";
		};
		A242BEAA2A265D9E0007D96C /* LaunchScreen.storyboard */ = {
			isa = PBXVariantGroup;
			children = (
				A242BEAB2A265D9E0007D96C /* Base */,
			);
			name = LaunchScreen.storyboard;
			sourceTree = "<group>";
		};
/* End PBXVariantGroup section */

/* Begin XCBuildConfiguration section */
		A242BEAE2A265D9E0007D96C /* Debug */ = {
			isa = XCBuildConfiguration;
			buildSettings = {
				ALWAYS_SEARCH_USER_PATHS = NO;
				CLANG_ANALYZER_NONNULL = YES;
				CLANG_ANALYZER_NUMBER_OBJECT_CONVERSION = YES_AGGRESSIVE;
				CLANG_CXX_LANGUAGE_STANDARD = "gnu++20";
				CLANG_ENABLE_MODULES = YES;
				CLANG_ENABLE_OBJC_ARC = YES;
				CLANG_ENABLE_OBJC_WEAK = YES;
				CLANG_WARN_BLOCK_CAPTURE_AUTORELEASING = YES;
				CLANG_WARN_BOOL_CONVERSION = YES;
				CLANG_WARN_COMMA = YES;
				CLANG_WARN_CONSTANT_CONVERSION = YES;
				CLANG_WARN_DEPRECATED_OBJC_IMPLEMENTATIONS = YES;
				CLANG_WARN_DIRECT_OBJC_ISA_USAGE = YES_ERROR;
				CLANG_WARN_DOCUMENTATION_COMMENTS = YES;
				CLANG_WARN_EMPTY_BODY = YES;
				CLANG_WARN_ENUM_CONVERSION = YES;
				CLANG_WARN_INFINITE_RECURSION = YES;
				CLANG_WARN_INT_CONVERSION = YES;
				CLANG_WARN_NON_LITERAL_NULL_CONVERSION = YES;
				CLANG_WARN_OBJC_IMPLICIT_RETAIN_SELF = YES;
				CLANG_WARN_OBJC_LITERAL_CONVERSION = YES;
				CLANG_WARN_OBJC_ROOT_CLASS = YES_ERROR;
				CLANG_WARN_QUOTED_INCLUDE_IN_FRAMEWORK_HEADER = YES;
				CLANG_WARN_RANGE_LOOP_ANALYSIS = YES;
				CLANG_WARN_STRICT_PROTOTYPES = YES;
				CLANG_WARN_SUSPICIOUS_MOVE = YES;
				CLANG_WARN_UNGUARDED_AVAILABILITY = YES_AGGRESSIVE;
				CLANG_WARN_UNREACHABLE_CODE = YES;
				CLANG_WARN__DUPLICATE_METHOD_MATCH = YES;
				COPY_PHASE_STRIP = NO;
				DEBUG_INFORMATION_FORMAT = dwarf;
				ENABLE_STRICT_OBJC_MSGSEND = YES;
				ENABLE_TESTABILITY = YES;
				GCC_C_LANGUAGE_STANDARD = gnu11;
				GCC_DYNAMIC_NO_PIC = NO;
				GCC_NO_COMMON_BLOCKS = YES;
				GCC_OPTIMIZATION_LEVEL = 0;
				GCC_PREPROCESSOR_DEFINITIONS = (
					"DEBUG=1",
					"$(inherited)",
				);
				GCC_WARN_64_TO_32_BIT_CONVERSION = YES;
				GCC_WARN_ABOUT_RETURN_TYPE = YES_ERROR;
				GCC_WARN_UNDECLARED_SELECTOR = YES;
				GCC_WARN_UNINITIALIZED_AUTOS = YES_AGGRESSIVE;
				GCC_WARN_UNUSED_FUNCTION = YES;
				GCC_WARN_UNUSED_VARIABLE = YES;
				IPHONEOS_DEPLOYMENT_TARGET = 16.4;
				MTL_ENABLE_DEBUG_INFO = INCLUDE_SOURCE;
				MTL_FAST_MATH = YES;
				ONLY_ACTIVE_ARCH = YES;
				SDKROOT = iphoneos;
				SWIFT_ACTIVE_COMPILATION_CONDITIONS = DEBUG;
				SWIFT_OPTIMIZATION_LEVEL = "-Onone";
			};
			name = Debug;
		};
		A242BEAF2A265D9E0007D96C /* Release */ = {
			isa = XCBuildConfiguration;
			buildSettings = {
				ALWAYS_SEARCH_USER_PATHS = NO;
				CLANG_ANALYZER_NONNULL = YES;
				CLANG_ANALYZER_NUMBER_OBJECT_CONVERSION = YES_AGGRESSIVE;
				CLANG_CXX_LANGUAGE_STANDARD = "gnu++20";
				CLANG_ENABLE_MODULES = YES;
				CLANG_ENABLE_OBJC_ARC = YES;
				CLANG_ENABLE_OBJC_WEAK = YES;
				CLANG_WARN_BLOCK_CAPTURE_AUTORELEASING = YES;
				CLANG_WARN_BOOL_CONVERSION = YES;
				CLANG_WARN_COMMA = YES;
				CLANG_WARN_CONSTANT_CONVERSION = YES;
				CLANG_WARN_DEPRECATED_OBJC_IMPLEMENTATIONS = YES;
				CLANG_WARN_DIRECT_OBJC_ISA_USAGE = YES_ERROR;
				CLANG_WARN_DOCUMENTATION_COMMENTS = YES;
				CLANG_WARN_EMPTY_BODY = YES;
				CLANG_WARN_ENUM_CONVERSION = YES;
				CLANG_WARN_INFINITE_RECURSION = YES;
				CLANG_WARN_INT_CONVERSION = YES;
				CLANG_WARN_NON_LITERAL_NULL_CONVERSION = YES;
				CLANG_WARN_OBJC_IMPLICIT_RETAIN_SELF = YES;
				CLANG_WARN_OBJC_LITERAL_CONVERSION = YES;
				CLANG_WARN_OBJC_ROOT_CLASS = YES_ERROR;
				CLANG_WARN_QUOTED_INCLUDE_IN_FRAMEWORK_HEADER = YES;
				CLANG_WARN_RANGE_LOOP_ANALYSIS = YES;
				CLANG_WARN_STRICT_PROTOTYPES = YES;
				CLANG_WARN_SUSPICIOUS_MOVE = YES;
				CLANG_WARN_UNGUARDED_AVAILABILITY = YES_AGGRESSIVE;
				CLANG_WARN_UNREACHABLE_CODE = YES;
				CLANG_WARN__DUPLICATE_METHOD_MATCH = YES;
				COPY_PHASE_STRIP = NO;
				DEBUG_INFORMATION_FORMAT = "dwarf-with-dsym";
				ENABLE_NS_ASSERTIONS = NO;
				ENABLE_STRICT_OBJC_MSGSEND = YES;
				GCC_C_LANGUAGE_STANDARD = gnu11;
				GCC_NO_COMMON_BLOCKS = YES;
				GCC_WARN_64_TO_32_BIT_CONVERSION = YES;
				GCC_WARN_ABOUT_RETURN_TYPE = YES_ERROR;
				GCC_WARN_UNDECLARED_SELECTOR = YES;
				GCC_WARN_UNINITIALIZED_AUTOS = YES_AGGRESSIVE;
				GCC_WARN_UNUSED_FUNCTION = YES;
				GCC_WARN_UNUSED_VARIABLE = YES;
				IPHONEOS_DEPLOYMENT_TARGET = 16.4;
				MTL_ENABLE_DEBUG_INFO = NO;
				MTL_FAST_MATH = YES;
				SDKROOT = iphoneos;
				SWIFT_COMPILATION_MODE = wholemodule;
				SWIFT_OPTIMIZATION_LEVEL = "-O";
				VALIDATE_PRODUCT = YES;
			};
			name = Release;
		};
		A242BEB12A265D9E0007D96C /* Debug */ = {
			isa = XCBuildConfiguration;
			buildSettings = {
				ASSETCATALOG_COMPILER_APPICON_NAME = AppIcon;
				ASSETCATALOG_COMPILER_GLOBAL_ACCENT_COLOR_NAME = AccentColor;
				CODE_SIGN_STYLE = Automatic;
				CURRENT_PROJECT_VERSION = 1;
				DEVELOPMENT_TEAM = 46PH6D5ST9;
				GENERATE_INFOPLIST_FILE = YES;
				INFOPLIST_FILE = SwiftStoryboardDemo/Info.plist;
				INFOPLIST_KEY_UIApplicationSupportsIndirectInputEvents = YES;
				INFOPLIST_KEY_UILaunchStoryboardName = LaunchScreen;
				INFOPLIST_KEY_UIMainStoryboardFile = Main;
				INFOPLIST_KEY_UISupportedInterfaceOrientations_iPad = "UIInterfaceOrientationPortrait UIInterfaceOrientationPortraitUpsideDown UIInterfaceOrientationLandscapeLeft UIInterfaceOrientationLandscapeRight";
				INFOPLIST_KEY_UISupportedInterfaceOrientations_iPhone = "UIInterfaceOrientationPortrait UIInterfaceOrientationLandscapeLeft UIInterfaceOrientationLandscapeRight";
				LD_RUNPATH_SEARCH_PATHS = (
					"$(inherited)",
					"@executable_path/Frameworks",
				);
				MARKETING_VERSION = 1.0;
				PRODUCT_BUNDLE_IDENTIFIER = kount.SwiftStoryboardDemo;
				PRODUCT_NAME = "$(TARGET_NAME)";
				SWIFT_EMIT_LOC_STRINGS = YES;
				SWIFT_OBJC_BRIDGING_HEADER = "SwiftStoryboardDemo/SwiftStoryboardDemo-Bridging-Header.h";
				SWIFT_VERSION = 5.0;
				TARGETED_DEVICE_FAMILY = "1,2";
			};
			name = Debug;
		};
		A242BEB22A265D9E0007D96C /* Release */ = {
			isa = XCBuildConfiguration;
			buildSettings = {
				ASSETCATALOG_COMPILER_APPICON_NAME = AppIcon;
				ASSETCATALOG_COMPILER_GLOBAL_ACCENT_COLOR_NAME = AccentColor;
				CODE_SIGN_STYLE = Automatic;
				CURRENT_PROJECT_VERSION = 1;
				DEVELOPMENT_TEAM = 46PH6D5ST9;
				GENERATE_INFOPLIST_FILE = YES;
				INFOPLIST_FILE = SwiftStoryboardDemo/Info.plist;
				INFOPLIST_KEY_UIApplicationSupportsIndirectInputEvents = YES;
				INFOPLIST_KEY_UILaunchStoryboardName = LaunchScreen;
				INFOPLIST_KEY_UIMainStoryboardFile = Main;
				INFOPLIST_KEY_UISupportedInterfaceOrientations_iPad = "UIInterfaceOrientationPortrait UIInterfaceOrientationPortraitUpsideDown UIInterfaceOrientationLandscapeLeft UIInterfaceOrientationLandscapeRight";
				INFOPLIST_KEY_UISupportedInterfaceOrientations_iPhone = "UIInterfaceOrientationPortrait UIInterfaceOrientationLandscapeLeft UIInterfaceOrientationLandscapeRight";
				LD_RUNPATH_SEARCH_PATHS = (
					"$(inherited)",
					"@executable_path/Frameworks",
				);
				MARKETING_VERSION = 1.0;
				PRODUCT_BUNDLE_IDENTIFIER = kount.SwiftStoryboardDemo;
				PRODUCT_NAME = "$(TARGET_NAME)";
				SWIFT_EMIT_LOC_STRINGS = YES;
				SWIFT_OBJC_BRIDGING_HEADER = "SwiftStoryboardDemo/SwiftStoryboardDemo-Bridging-Header.h";
				SWIFT_VERSION = 5.0;
				TARGETED_DEVICE_FAMILY = "1,2";
			};
			name = Release;
		};
/* End XCBuildConfiguration section */

/* Begin XCConfigurationList section */
		A242BE972A265D9D0007D96C /* Build configuration list for PBXProject "SwiftStoryboardDemo" */ = {
			isa = XCConfigurationList;
			buildConfigurations = (
				A242BEAE2A265D9E0007D96C /* Debug */,
				A242BEAF2A265D9E0007D96C /* Release */,
			);
			defaultConfigurationIsVisible = 0;
			defaultConfigurationName = Release;
		};
		A242BEB02A265D9E0007D96C /* Build configuration list for PBXNativeTarget "SwiftStoryboardDemo" */ = {
			isa = XCConfigurationList;
			buildConfigurations = (
				A242BEB12A265D9E0007D96C /* Debug */,
				A242BEB22A265D9E0007D96C /* Release */,
			);
			defaultConfigurationIsVisible = 0;
			defaultConfigurationName = Release;
		};
/* End XCConfigurationList section */

/* Begin XCRemoteSwiftPackageReference section */
		A242BEB32A265EB20007D96C /* XCRemoteSwiftPackageReference "kount-ios-swift-package" */ = {
			isa = XCRemoteSwiftPackageReference;
			repositoryURL = "https://github.com/Kount/kount-ios-swift-package";
			requirement = {
				kind = exactVersion;
				version = 4.1.9;
			};
		};
/* End XCRemoteSwiftPackageReference section */

/* Begin XCSwiftPackageProductDependency section */
		A242BEB42A265EB20007D96C /* KountDataCollectorPackage */ = {
			isa = XCSwiftPackageProductDependency;
			package = A242BEB32A265EB20007D96C /* XCRemoteSwiftPackageReference "kount-ios-swift-package" */;
			productName = KountDataCollectorPackage;
		};
/* End XCSwiftPackageProductDependency section */
	};
	rootObject = A242BE942A265D9D0007D96C /* Project object */;
}
